// !$*UTF8*$!
{
	archiveVersion = 1;
	classes = {
	};
	objectVersion = 46;
	objects = {

/* Begin PBXBuildFile section */
		BE126BD31F6A351200606CDE /* AppDelegate.swift in Sources */ = {isa = PBXBuildFile; fileRef = BE126BD21F6A351200606CDE /* AppDelegate.swift */; };
		BE126BD51F6A351200606CDE /* ViewController.swift in Sources */ = {isa = PBXBuildFile; fileRef = BE126BD41F6A351200606CDE /* ViewController.swift */; };
		BE126BD81F6A351200606CDE /* Main.storyboard in Resources */ = {isa = PBXBuildFile; fileRef = BE126BD61F6A351200606CDE /* Main.storyboard */; };
		BE126BDA1F6A351200606CDE /* Assets.xcassets in Resources */ = {isa = PBXBuildFile; fileRef = BE126BD91F6A351200606CDE /* Assets.xcassets */; };
		BE126BDD1F6A351200606CDE /* LaunchScreen.storyboard in Resources */ = {isa = PBXBuildFile; fileRef = BE126BDB1F6A351200606CDE /* LaunchScreen.storyboard */; };
		BE126BE81F6A351200606CDE /* saveTests.swift in Sources */ = {isa = PBXBuildFile; fileRef = BE126BE71F6A351200606CDE /* saveTests.swift */; };
		BE126BF31F6A351200606CDE /* saveUITests.swift in Sources */ = {isa = PBXBuildFile; fileRef = BE126BF21F6A351200606CDE /* saveUITests.swift */; };
/* End PBXBuildFile section */

/* Begin PBXContainerItemProxy section */
		BE126BE41F6A351200606CDE /* PBXContainerItemProxy */ = {
			isa = PBXContainerItemProxy;
			containerPortal = BE126BC71F6A351200606CDE /* Project object */;
			proxyType = 1;
			remoteGlobalIDString = BE126BCE1F6A351200606CDE;
			remoteInfo = save;
		};
		BE126BEF1F6A351200606CDE /* PBXContainerItemProxy */ = {
			isa = PBXContainerItemProxy;
			containerPortal = BE126BC71F6A351200606CDE /* Project object */;
			proxyType = 1;
			remoteGlobalIDString = BE126BCE1F6A351200606CDE;
			remoteInfo = save;
		};
/* End PBXContainerItemProxy section */

/* Begin PBXFileReference section */
		BE126BCF1F6A351200606CDE /* save.app */ = {isa = PBXFileReference; explicitFileType = wrapper.application; includeInIndex = 0; path = save.app; sourceTree = BUILT_PRODUCTS_DIR; };
		BE126BD21F6A351200606CDE /* AppDelegate.swift */ = {isa = PBXFileReference; lastKnownFileType = sourcecode.swift; path = AppDelegate.swift; sourceTree = "<group>"; };
		BE126BD41F6A351200606CDE /* ViewController.swift */ = {isa = PBXFileReference; lastKnownFileType = sourcecode.swift; path = ViewController.swift; sourceTree = "<group>"; };
		BE126BD71F6A351200606CDE /* Base */ = {isa = PBXFileReference; lastKnownFileType = file.storyboard; name = Base; path = Base.lproj/Main.storyboard; sourceTree = "<group>"; };
		BE126BD91F6A351200606CDE /* Assets.xcassets */ = {isa = PBXFileReference; lastKnownFileType = folder.assetcatalog; path = Assets.xcassets; sourceTree = "<group>"; };
		BE126BDC1F6A351200606CDE /* Base */ = {isa = PBXFileReference; lastKnownFileType = file.storyboard; name = Base; path = Base.lproj/LaunchScreen.storyboard; sourceTree = "<group>"; };
		BE126BDE1F6A351200606CDE /* Info.plist */ = {isa = PBXFileReference; lastKnownFileType = text.plist.xml; path = Info.plist; sourceTree = "<group>"; };
		BE126BE31F6A351200606CDE /* saveTests.xctest */ = {isa = PBXFileReference; explicitFileType = wrapper.cfbundle; includeInIndex = 0; path = saveTests.xctest; sourceTree = BUILT_PRODUCTS_DIR; };
		BE126BE71F6A351200606CDE /* saveTests.swift */ = {isa = PBXFileReference; lastKnownFileType = sourcecode.swift; path = saveTests.swift; sourceTree = "<group>"; };
		BE126BE91F6A351200606CDE /* Info.plist */ = {isa = PBXFileReference; lastKnownFileType = text.plist.xml; path = Info.plist; sourceTree = "<group>"; };
		BE126BEE1F6A351200606CDE /* saveUITests.xctest */ = {isa = PBXFileReference; explicitFileType = wrapper.cfbundle; includeInIndex = 0; path = saveUITests.xctest; sourceTree = BUILT_PRODUCTS_DIR; };
		BE126BF21F6A351200606CDE /* saveUITests.swift */ = {isa = PBXFileReference; lastKnownFileType = sourcecode.swift; path = saveUITests.swift; sourceTree = "<group>"; };
		BE126BF41F6A351200606CDE /* Info.plist */ = {isa = PBXFileReference; lastKnownFileType = text.plist.xml; path = Info.plist; sourceTree = "<group>"; };
/* End PBXFileReference section */

/* Begin PBXFrameworksBuildPhase section */
		BE126BCC1F6A351200606CDE /* Frameworks */ = {
			isa = PBXFrameworksBuildPhase;
			buildActionMask = 2147483647;
			files = (
			);
			runOnlyForDeploymentPostprocessing = 0;
		};
		BE126BE01F6A351200606CDE /* Frameworks */ = {
			isa = PBXFrameworksBuildPhase;
			buildActionMask = 2147483647;
			files = (
			);
			runOnlyForDeploymentPostprocessing = 0;
		};
		BE126BEB1F6A351200606CDE /* Frameworks */ = {
			isa = PBXFrameworksBuildPhase;
			buildActionMask = 2147483647;
			files = (
			);
			runOnlyForDeploymentPostprocessing = 0;
		};
/* End PBXFrameworksBuildPhase section */

/* Begin PBXGroup section */
		BE126BC61F6A351200606CDE = {
			isa = PBXGroup;
			children = (
				BE126BD11F6A351200606CDE /* save */,
				BE126BE61F6A351200606CDE /* saveTests */,
				BE126BF11F6A351200606CDE /* saveUITests */,
				BE126BD01F6A351200606CDE /* Products */,
			);
			sourceTree = "<group>";
		};
		BE126BD01F6A351200606CDE /* Products */ = {
			isa = PBXGroup;
			children = (
				BE126BCF1F6A351200606CDE /* save.app */,
				BE126BE31F6A351200606CDE /* saveTests.xctest */,
				BE126BEE1F6A351200606CDE /* saveUITests.xctest */,
			);
			name = Products;
			sourceTree = "<group>";
		};
		BE126BD11F6A351200606CDE /* save */ = {
			isa = PBXGroup;
			children = (
				BE126BD21F6A351200606CDE /* AppDelegate.swift */,
				BE126BD41F6A351200606CDE /* ViewController.swift */,
				BE126BD61F6A351200606CDE /* Main.storyboard */,
				BE126BD91F6A351200606CDE /* Assets.xcassets */,
				BE126BDB1F6A351200606CDE /* LaunchScreen.storyboard */,
				BE126BDE1F6A351200606CDE /* Info.plist */,
			);
			path = save;
			sourceTree = "<group>";
		};
		BE126BE61F6A351200606CDE /* saveTests */ = {
			isa = PBXGroup;
			children = (
				BE126BE71F6A351200606CDE /* saveTests.swift */,
				BE126BE91F6A351200606CDE /* Info.plist */,
			);
			path = saveTests;
			sourceTree = "<group>";
		};
		BE126BF11F6A351200606CDE /* saveUITests */ = {
			isa = PBXGroup;
			children = (
				BE126BF21F6A351200606CDE /* saveUITests.swift */,
				BE126BF41F6A351200606CDE /* Info.plist */,
			);
			path = saveUITests;
			sourceTree = "<group>";
		};
/* End PBXGroup section */

/* Begin PBXNativeTarget section */
		BE126BCE1F6A351200606CDE /* save */ = {
			isa = PBXNativeTarget;
			buildConfigurationList = BE126BF71F6A351200606CDE /* Build configuration list for PBXNativeTarget "save" */;
			buildPhases = (
				BE126BCB1F6A351200606CDE /* Sources */,
				BE126BCC1F6A351200606CDE /* Frameworks */,
				BE126BCD1F6A351200606CDE /* Resources */,
			);
			buildRules = (
			);
			dependencies = (
			);
			name = save;
			productName = save;
			productReference = BE126BCF1F6A351200606CDE /* save.app */;
			productType = "com.apple.product-type.application";
		};
		BE126BE21F6A351200606CDE /* saveTests */ = {
			isa = PBXNativeTarget;
			buildConfigurationList = BE126BFA1F6A351200606CDE /* Build configuration list for PBXNativeTarget "saveTests" */;
			buildPhases = (
				BE126BDF1F6A351200606CDE /* Sources */,
				BE126BE01F6A351200606CDE /* Frameworks */,
				BE126BE11F6A351200606CDE /* Resources */,
			);
			buildRules = (
			);
			dependencies = (
				BE126BE51F6A351200606CDE /* PBXTargetDependency */,
			);
			name = saveTests;
			productName = saveTests;
			productReference = BE126BE31F6A351200606CDE /* saveTests.xctest */;
			productType = "com.apple.product-type.bundle.unit-test";
		};
		BE126BED1F6A351200606CDE /* saveUITests */ = {
			isa = PBXNativeTarget;
			buildConfigurationList = BE126BFD1F6A351200606CDE /* Build configuration list for PBXNativeTarget "saveUITests" */;
			buildPhases = (
				BE126BEA1F6A351200606CDE /* Sources */,
				BE126BEB1F6A351200606CDE /* Frameworks */,
				BE126BEC1F6A351200606CDE /* Resources */,
			);
			buildRules = (
			);
			dependencies = (
				BE126BF01F6A351200606CDE /* PBXTargetDependency */,
			);
			name = saveUITests;
			productName = saveUITests;
			productReference = BE126BEE1F6A351200606CDE /* saveUITests.xctest */;
			productType = "com.apple.product-type.bundle.ui-testing";
		};
/* End PBXNativeTarget section */

/* Begin PBXProject section */
		BE126BC71F6A351200606CDE /* Project object */ = {
			isa = PBXProject;
			attributes = {
				LastSwiftUpdateCheck = 0830;
				LastUpgradeCheck = 0830;
				ORGANIZATIONNAME = "zain mohammed";
				TargetAttributes = {
					BE126BCE1F6A351200606CDE = {
						CreatedOnToolsVersion = 8.3.3;
						ProvisioningStyle = Automatic;
					};
					BE126BE21F6A351200606CDE = {
						CreatedOnToolsVersion = 8.3.3;
						ProvisioningStyle = Automatic;
						TestTargetID = BE126BCE1F6A351200606CDE;
					};
					BE126BED1F6A351200606CDE = {
						CreatedOnToolsVersion = 8.3.3;
						ProvisioningStyle = Automatic;
						TestTargetID = BE126BCE1F6A351200606CDE;
					};
				};
			};
			buildConfigurationList = BE126BCA1F6A351200606CDE /* Build configuration list for PBXProject "save" */;
			compatibilityVersion = "Xcode 3.2";
			developmentRegion = English;
			hasScannedForEncodings = 0;
			knownRegions = (
				en,
				Base,
			);
			mainGroup = BE126BC61F6A351200606CDE;
			productRefGroup = BE126BD01F6A351200606CDE /* Products */;
			projectDirPath = "";
			projectRoot = "";
			targets = (
				BE126BCE1F6A351200606CDE /* save */,
				BE126BE21F6A351200606CDE /* saveTests */,
				BE126BED1F6A351200606CDE /* saveUITests */,
			);
		};
/* End PBXProject section */

/* Begin PBXResourcesBuildPhase section */
		BE126BCD1F6A351200606CDE /* Resources */ = {
			isa = PBXResourcesBuildPhase;
			buildActionMask = 2147483647;
			files = (
				BE126BDD1F6A351200606CDE /* LaunchScreen.storyboard in Resources */,
				BE126BDA1F6A351200606CDE /* Assets.xcassets in Resources */,
				BE126BD81F6A351200606CDE /* Main.storyboard in Resources */,
			);
			runOnlyForDeploymentPostprocessing = 0;
		};
		BE126BE11F6A351200606CDE /* Resources */ = {
			isa = PBXResourcesBuildPhase;
			buildActionMask = 2147483647;
			files = (
			);
			runOnlyForDeploymentPostprocessing = 0;
		};
		BE126BEC1F6A351200606CDE /* Resources */ = {
			isa = PBXResourcesBuildPhase;
			buildActionMask = 2147483647;
			files = (
			);
			runOnlyForDeploymentPostprocessing = 0;
		};
/* End PBXResourcesBuildPhase section */

/* Begin PBXSourcesBuildPhase section */
		BE126BCB1F6A351200606CDE /* Sources */ = {
			isa = PBXSourcesBuildPhase;
			buildActionMask = 2147483647;
			files = (
				BE126BD51F6A351200606CDE /* ViewController.swift in Sources */,
				BE126BD31F6A351200606CDE /* AppDelegate.swift in Sources */,
			);
			runOnlyForDeploymentPostprocessing = 0;
		};
		BE126BDF1F6A351200606CDE /* Sources */ = {
			isa = PBXSourcesBuildPhase;
			buildActionMask = 2147483647;
			files = (
				BE126BE81F6A351200606CDE /* saveTests.swift in Sources */,
			);
			runOnlyForDeploymentPostprocessing = 0;
		};
		BE126BEA1F6A351200606CDE /* Sources */ = {
			isa = PBXSourcesBuildPhase;
			buildActionMask = 2147483647;
			files = (
				BE126BF31F6A351200606CDE /* saveUITests.swift in Sources */,
			);
			runOnlyForDeploymentPostprocessing = 0;
		};
/* End PBXSourcesBuildPhase section */

/* Begin PBXTargetDependency section */
		BE126BE51F6A351200606CDE /* PBXTargetDependency */ = {
			isa = PBXTargetDependency;
			target = BE126BCE1F6A351200606CDE /* save */;
			targetProxy = BE126BE41F6A351200606CDE /* PBXContainerItemProxy */;
		};
		BE126BF01F6A351200606CDE /* PBXTargetDependency */ = {
			isa = PBXTargetDependency;
			target = BE126BCE1F6A351200606CDE /* save */;
			targetProxy = BE126BEF1F6A351200606CDE /* PBXContainerItemProxy */;
		};
/* End PBXTargetDependency section */

/* Begin PBXVariantGroup section */
		BE126BD61F6A351200606CDE /* Main.storyboard */ = {
			isa = PBXVariantGroup;
			children = (
				BE126BD71F6A351200606CDE /* Base */,
			);
			name = Main.storyboard;
			sourceTree = "<group>";
		};
		BE126BDB1F6A351200606CDE /* LaunchScreen.storyboard */ = {
			isa = PBXVariantGroup;
			children = (
				BE126BDC1F6A351200606CDE /* Base */,
			);
			name = LaunchScreen.storyboard;
			sourceTree = "<group>";
		};
/* End PBXVariantGroup section */

/* Begin XCBuildConfiguration section */
		BE126BF51F6A351200606CDE /* Debug */ = {
			isa = XCBuildConfiguration;
			buildSettings = {
				ALWAYS_SEARCH_USER_PATHS = NO;
				CLANG_ANALYZER_NONNULL = YES;
				CLANG_ANALYZER_NUMBER_OBJECT_CONVERSION = YES_AGGRESSIVE;
				CLANG_CXX_LANGUAGE_STANDARD = "gnu++0x";
				CLANG_CXX_LIBRARY = "libc++";
				CLANG_ENABLE_MODULES = YES;
				CLANG_ENABLE_OBJC_ARC = YES;
				CLANG_WARN_BOOL_CONVERSION = YES;
				CLANG_WARN_CONSTANT_CONVERSION = YES;
				CLANG_WARN_DIRECT_OBJC_ISA_USAGE = YES_ERROR;
				CLANG_WARN_DOCUMENTATION_COMMENTS = YES;
				CLANG_WARN_EMPTY_BODY = YES;
				CLANG_WARN_ENUM_CONVERSION = YES;
				CLANG_WARN_INFINITE_RECURSION = YES;
				CLANG_WARN_INT_CONVERSION = YES;
				CLANG_WARN_OBJC_ROOT_CLASS = YES_ERROR;
				CLANG_WARN_SUSPICIOUS_MOVE = YES;
				CLANG_WARN_UNREACHABLE_CODE = YES;
				CLANG_WARN__DUPLICATE_METHOD_MATCH = YES;
				"CODE_SIGN_IDENTITY[sdk=iphoneos*]" = "iPhone Developer";
				COPY_PHASE_STRIP = NO;
				DEBUG_INFORMATION_FORMAT = dwarf;
				ENABLE_STRICT_OBJC_MSGSEND = YES;
				ENABLE_TESTABILITY = YES;
				GCC_C_LANGUAGE_STANDARD = gnu99;
				GCC_DYNAMIC_NO_PIC = NO;
				GCC_NO_COMMON_BLOCKS = YES;
				GCC_OPTIMIZATION_LEVEL = 0;
				GCC_PREPROCESSOR_DEFINITIONS = (
					"DEBUG=1",
					"$(inherited)",
				);
				GCC_WARN_64_TO_32_BIT_CONVERSION = YES;
				GCC_WARN_ABOUT_RETURN_TYPE = YES_ERROR;
				GCC_WARN_UNDECLARED_SELECTOR = YES;
				GCC_WARN_UNINITIALIZED_AUTOS = YES_AGGRESSIVE;
				GCC_WARN_UNUSED_FUNCTION = YES;
				GCC_WARN_UNUSED_VARIABLE = YES;
				IPHONEOS_DEPLOYMENT_TARGET = 10.3;
				MTL_ENABLE_DEBUG_INFO = YES;
				ONLY_ACTIVE_ARCH = YES;
				SDKROOT = iphoneos;
				SWIFT_ACTIVE_COMPILATION_CONDITIONS = DEBUG;
				SWIFT_OPTIMIZATION_LEVEL = "-Onone";
				TARGETED_DEVICE_FAMILY = "1,2";
			};
			name = Debug;
		};
		BE126BF61F6A351200606CDE /* Release */ = {
			isa = XCBuildConfiguration;
			buildSettings = {
				ALWAYS_SEARCH_USER_PATHS = NO;
				CLANG_ANALYZER_NONNULL = YES;
				CLANG_ANALYZER_NUMBER_OBJECT_CONVERSION = YES_AGGRESSIVE;
				CLANG_CXX_LANGUAGE_STANDARD = "gnu++0x";
				CLANG_CXX_LIBRARY = "libc++";
				CLANG_ENABLE_MODULES = YES;
				CLANG_ENABLE_OBJC_ARC = YES;
				CLANG_WARN_BOOL_CONVERSION = YES;
				CLANG_WARN_CONSTANT_CONVERSION = YES;
				CLANG_WARN_DIRECT_OBJC_ISA_USAGE = YES_ERROR;
				CLANG_WARN_DOCUMENTATION_COMMENTS = YES;
				CLANG_WARN_EMPTY_BODY = YES;
				CLANG_WARN_ENUM_CONVERSION = YES;
				CLANG_WARN_INFINITE_RECURSION = YES;
				CLANG_WARN_INT_CONVERSION = YES;
				CLANG_WARN_OBJC_ROOT_CLASS = YES_ERROR;
				CLANG_WARN_SUSPICIOUS_MOVE = YES;
				CLANG_WARN_UNREACHABLE_CODE = YES;
				CLANG_WARN__DUPLICATE_METHOD_MATCH = YES;
				"CODE_SIGN_IDENTITY[sdk=iphoneos*]" = "iPhone Developer";
				COPY_PHASE_STRIP = NO;
				DEBUG_INFORMATION_FORMAT = "dwarf-with-dsym";
				ENABLE_NS_ASSERTIONS = NO;
				ENABLE_STRICT_OBJC_MSGSEND = YES;
				GCC_C_LANGUAGE_STANDARD = gnu99;
				GCC_NO_COMMON_BLOCKS = YES;
				GCC_WARN_64_TO_32_BIT_CONVERSION = YES;
				GCC_WARN_ABOUT_RETURN_TYPE = YES_ERROR;
				GCC_WARN_UNDECLARED_SELECTOR = YES;
				GCC_WARN_UNINITIALIZED_AUTOS = YES_AGGRESSIVE;
				GCC_WARN_UNUSED_FUNCTION = YES;
				GCC_WARN_UNUSED_VARIABLE = YES;
				IPHONEOS_DEPLOYMENT_TARGET = 10.3;
				MTL_ENABLE_DEBUG_INFO = NO;
				SDKROOT = iphoneos;
				SWIFT_OPTIMIZATION_LEVEL = "-Owholemodule";
				TARGETED_DEVICE_FAMILY = "1,2";
				VALIDATE_PRODUCT = YES;
			};
			name = Release;
		};
		BE126BF81F6A351200606CDE /* Debug */ = {
			isa = XCBuildConfiguration;
			buildSettings = {
				ASSETCATALOG_COMPILER_APPICON_NAME = AppIcon;
				INFOPLIST_FILE = save/Info.plist;
				LD_RUNPATH_SEARCH_PATHS = "$(inherited) @executable_path/Frameworks";
				PRODUCT_BUNDLE_IDENTIFIER = zain.save;
				PRODUCT_NAME = "$(TARGET_NAME)";
				SWIFT_VERSION = 3.0;
			};
			name = Debug;
		};
		BE126BF91F6A351200606CDE /* Release */ = {
			isa = XCBuildConfiguration;
			buildSettings = {
				ASSETCATALOG_COMPILER_APPICON_NAME = AppIcon;
				INFOPLIST_FILE = save/Info.plist;
				LD_RUNPATH_SEARCH_PATHS = "$(inherited) @executable_path/Frameworks";
				PRODUCT_BUNDLE_IDENTIFIER = zain.save;
				PRODUCT_NAME = "$(TARGET_NAME)";
				SWIFT_VERSION = 3.0;
			};
			name = Release;
		};
		BE126BFB1F6A351200606CDE /* Debug */ = {
			isa = XCBuildConfiguration;
			buildSettings = {
				ALWAYS_EMBED_SWIFT_STANDARD_LIBRARIES = YES;
				BUNDLE_LOADER = "$(TEST_HOST)";
				INFOPLIST_FILE = saveTests/Info.plist;
				LD_RUNPATH_SEARCH_PATHS = "$(inherited) @executable_path/Frameworks @loader_path/Frameworks";
				PRODUCT_BUNDLE_IDENTIFIER = zain.saveTests;
				PRODUCT_NAME = "$(TARGET_NAME)";
				SWIFT_VERSION = 3.0;
				TEST_HOST = "$(BUILT_PRODUCTS_DIR)/save.app/save";
			};
			name = Debug;
		};
		BE126BFC1F6A351200606CDE /* Release */ = {
			isa = XCBuildConfiguration;
			buildSettings = {
				ALWAYS_EMBED_SWIFT_STANDARD_LIBRARIES = YES;
				BUNDLE_LOADER = "$(TEST_HOST)";
				INFOPLIST_FILE = saveTests/Info.plist;
				LD_RUNPATH_SEARCH_PATHS = "$(inherited) @executable_path/Frameworks @loader_path/Frameworks";
				PRODUCT_BUNDLE_IDENTIFIER = zain.saveTests;
				PRODUCT_NAME = "$(TARGET_NAME)";
				SWIFT_VERSION = 3.0;
				TEST_HOST = "$(BUILT_PRODUCTS_DIR)/save.app/save";
			};
			name = Release;
		};
		BE126BFE1F6A351200606CDE /* Debug */ = {
			isa = XCBuildConfiguration;
			buildSettings = {
				ALWAYS_EMBED_SWIFT_STANDARD_LIBRARIES = YES;
				INFOPLIST_FILE = saveUITests/Info.plist;
				LD_RUNPATH_SEARCH_PATHS = "$(inherited) @executable_path/Frameworks @loader_path/Frameworks";
				PRODUCT_BUNDLE_IDENTIFIER = zain.saveUITests;
				PRODUCT_NAME = "$(TARGET_NAME)";
				SWIFT_VERSION = 3.0;
				TEST_TARGET_NAME = save;
			};
			name = Debug;
		};
		BE126BFF1F6A351200606CDE /* Release */ = {
			isa = XCBuildConfiguration;
			buildSettings = {
				ALWAYS_EMBED_SWIFT_STANDARD_LIBRARIES = YES;
				INFOPLIST_FILE = saveUITests/Info.plist;
				LD_RUNPATH_SEARCH_PATHS = "$(inherited) @executable_path/Frameworks @loader_path/Frameworks";
				PRODUCT_BUNDLE_IDENTIFIER = zain.saveUITests;
				PRODUCT_NAME = "$(TARGET_NAME)";
				SWIFT_VERSION = 3.0;
				TEST_TARGET_NAME = save;
			};
			name = Release;
		};
/* End XCBuildConfiguration section */

/* Begin XCConfigurationList section */
		BE126BCA1F6A351200606CDE /* Build configuration list for PBXProject "save" */ = {
			isa = XCConfigurationList;
			buildConfigurations = (
				BE126BF51F6A351200606CDE /* Debug */,
				BE126BF61F6A351200606CDE /* Release */,
			);
			defaultConfigurationIsVisible = 0;
			defaultConfigurationName = Release;
		};
		BE126BF71F6A351200606CDE /* Build configuration list for PBXNativeTarget "save" */ = {
			isa = XCConfigurationList;
			buildConfigurations = (
				BE126BF81F6A351200606CDE /* Debug */,
				BE126BF91F6A351200606CDE /* Release */,
			);
			defaultConfigurationIsVisible = 0;
		};
		BE126BFA1F6A351200606CDE /* Build configuration list for PBXNativeTarget "saveTests" */ = {
			isa = XCConfigurationList;
			buildConfigurations = (
				BE126BFB1F6A351200606CDE /* Debug */,
				BE126BFC1F6A351200606CDE /* Release */,
			);
			defaultConfigurationIsVisible = 0;
		};
		BE126BFD1F6A351200606CDE /* Build configuration list for PBXNativeTarget "saveUITests" */ = {
			isa = XCConfigurationList;
			buildConfigurations = (
				BE126BFE1F6A351200606CDE /* Debug */,
				BE126BFF1F6A351200606CDE /* Release */,
			);
			defaultConfigurationIsVisible = 0;
		};
/* End XCConfigurationList section */
	};
	rootObject = BE126BC71F6A351200606CDE /* Project object */;
}
